<?xml version="1.0" encoding="utf-8"?>
<Project ToolsVersion="4.0" xmlns="http://schemas.microsoft.com/developer/msbuild/2003">
  <ItemGroup>
    <Filter Include="Source Files">
      <UniqueIdentifier>{4FC737F1-C7A5-4376-A066-2A32D752A2FF}</UniqueIdentifier>
      <Extensions>cpp;c;cc;cxx;def;odl;idl;hpj;bat;asm;asmx</Extensions>
    </Filter>
    <Filter Include="Source Files\SOAP interface">
      <UniqueIdentifier>{9bb1738c-9f13-4fd1-955f-3095e997ad0b}</UniqueIdentifier>
    </Filter>
    <Filter Include="Header Files">
      <UniqueIdentifier>{93995380-89BD-4b04-88EB-625FBE52EBFB}</UniqueIdentifier>
      <Extensions>h;hpp;hxx;hm;inl;inc;xsd</Extensions>
    </Filter>
  </ItemGroup>
  <ItemGroup>
    <ClCompile Include="ConnectionAcceptEvent.cpp">
      <Filter>Source Files</Filter>
    </ClCompile>
    <ClCompile Include="Main.cpp">
      <Filter>Source Files</Filter>
    </ClCompile>
    <ClCompile Include="Prec.cpp">
      <Filter>Source Files</Filter>
    </ClCompile>
    <ClCompile Include="ServiceEndpointBroadcaster.cpp">
      <Filter>Source Files</Filter>
    </ClCompile>
    <ClCompile Include="TexServiceImplementation.cpp">
      <Filter>Source Files</Filter>
    </ClCompile>
    <ClCompile Include="WinService.cpp">
      <Filter>Source Files</Filter>
    </ClCompile>
    <ClCompile Include="..\SoapServiceInterface\soapC.cpp">
      <Filter>Source Files\SOAP interface</Filter>
    </ClCompile>
    <ClCompile Include="..\SoapServiceInterface\soapServer.cpp">
      <Filter>Source Files\SOAP interface</Filter>
    </ClCompile>
    <ClCompile Include="..\..\externals\gSOAP\stdsoap2.cpp">
      <Filter>Source Files\SOAP interface</Filter>
    </ClCompile>
    <ClCompile Include="TexsMethods.cpp">
      <Filter>Source Files\SOAP interface</Filter>
    </ClCompile>
    <ClCompile Include="..\Common\LocalAssert.cpp">
      <Filter>Source Files</Filter>
    </ClCompile>
    <ClCompile Include="..\Common\Format.cpp">
      <Filter>Source Files</Filter>
    </ClCompile>
  </ItemGroup>
  <ItemGroup>
    <ClInclude Include="ConnectionAcceptEvent.hpp">
      <Filter>Header Files</Filter>
    </ClInclude>
    <ClInclude Include="Prec.h">
      <Filter>Header Files</Filter>
    </ClInclude>
    <ClInclude Include="resource.h">
      <Filter>Header Files</Filter>
    </ClInclude>
    <ClInclude Include="ServiceEndpointBroadcaster.hpp">
      <Filter>Header Files</Filter>
    </ClInclude>
    <ClInclude Include="TexServiceImplementation.hpp">
      <Filter>Header Files</Filter>
    </ClInclude>
    <ClInclude Include="WinService.hpp">
      <Filter>Header Files</Filter>
    </ClInclude>
    <ClInclude Include="Licensing.hpp">
      <Filter>Header Files</Filter>
    </ClInclude>
  </ItemGroup>
  <ItemGroup>
    <ResourceCompile Include="Service.rc" />
  </ItemGroup>
</Project>