<?xml version="1.0" encoding="utf-8"?>
<Project ToolsVersion="4.0" xmlns="http://schemas.microsoft.com/developer/msbuild/2003">
  <ItemGroup>
    <Filter Include="Header Files">
      <UniqueIdentifier>{73e76d4b-d474-486c-afa8-1654828b26e7}</UniqueIdentifier>
      <Extensions>h;hpp;hxx;hm;inl;inc;xsd</Extensions>
    </Filter>
    <Filter Include="Source Files">
      <UniqueIdentifier>{98165629-0211-4888-ab78-883eb061e491}</UniqueIdentifier>
      <Extensions>cpp;c;cc;cxx;def;odl;idl;hpj;bat;asm;asmx</Extensions>
    </Filter>
  </ItemGroup>
  <ItemGroup>
    <ClInclude Include="DtorTester.hpp">
      <Filter>Header Files</Filter>
    </ClInclude>
    <ClInclude Include="InetServer.hpp">
      <Filter>Header Files</Filter>
    </ClInclude>
    <ClInclude Include="PipeServer.hpp">
      <Filter>Header Files</Filter>
    </ClInclude>
    <ClInclude Include="Prec.h">
      <Filter>Header Files</Filter>
    </ClInclude>
    <ClInclude Include="Server.hpp">
      <Filter>Header Files</Filter>
    </ClInclude>
    <ClInclude Include="Wait.h">
      <Filter>Header Files</Filter>
    </ClInclude>
  </ItemGroup>
  <ItemGroup>
    <ClCompile Include="InetServer.cpp">
      <Filter>Source Files</Filter>
    </ClCompile>
    <ClCompile Include="PipeServer.cpp">
      <Filter>Source Files</Filter>
    </ClCompile>
    <ClCompile Include="Prec.cpp">
      <Filter>Source Files</Filter>
    </ClCompile>
  </ItemGroup>
</Project>