
Microsoft Visual Studio Solution File, Format Version 11.00
# Visual Studio 2010
Project("{2150E333-8FDC-42A3-9474-1A3956D46DE8}") = "Solution Items", "Solution Items", "{7AAF2FC6-8797-4245-A3EC-8A10E9396762}"
	ProjectSection(SolutionItems) = preProject
		CompileConfig.h = CompileConfig.h
		Common\Constants.h = Common\Constants.h
		icon.ico = icon.ico
		Performance1.psess = Performance1.psess
	EndProjectSection
EndProject
Project("{8BC9CEB8-8B4A-11D0-8D11-00A0C91BC942}") = "Docs", "Docs\Docs.vcxproj", "{9F4B8D91-2911-4F1F-98FD-3345D8AE993D}"
EndProject
Project("{8BC9CEB8-8B4A-11D0-8D11-00A0C91BC942}") = "Front-end", "Front-end\Front-end.vcxproj", "{EC901218-837D-4C0C-B116-6CC02097ED88}"
EndProject
Project("{8BC9CEB8-8B4A-11D0-8D11-00A0C91BC942}") = "Service", "Service\Service.vcxproj", "{413C1A6C-0C3B-4D00-80C2-9A2A49AF4B2A}"
EndProject
Project("{8BC9CEB8-8B4A-11D0-8D11-00A0C91BC942}") = "Service control", "ServiceControl\Service control.vcxproj", "{BE5696F9-FFA0-47D3-BF5A-66DC28236CE5}"
EndProject
Project("{8BC9CEB8-8B4A-11D0-8D11-00A0C91BC942}") = "Core", "Core\Core.vcxproj", "{DB90FDFC-2F4C-4F37-9203-A87EEC39B4D4}"
EndProject
Project("{8BC9CEB8-8B4A-11D0-8D11-00A0C91BC942}") = "Setup", "Setup\Setup.vcxproj", "{3C101E5E-9CCB-45BD-8803-70C13801F95C}"
EndProject
Project("{8BC9CEB8-8B4A-11D0-8D11-00A0C91BC942}") = "SOAP-service interface", "SoapServiceInterface\SoapServiceInterface.vcxproj", "{E792F2F5-E6F8-49FF-A1AA-47E0243E5180}"
EndProject
Project("{8BC9CEB8-8B4A-11D0-8D11-00A0C91BC942}") = "Version", "Version\Version.vcxproj", "{6884DFB9-D84C-4F37-853F-79565671A1E3}"
EndProject
Project("{8BC9CEB8-8B4A-11D0-8D11-00A0C91BC942}") = "Legacy support", "Legacy\Legacy support.vcxproj", "{CDCA539C-F37D-4DF4-9473-39C561B92BA0}"
EndProject
Project("{8BC9CEB8-8B4A-11D0-8D11-00A0C91BC942}") = "Module Inet", "Modules\Inet\Inet.vcxproj", "{BF7A25BF-7F5D-4FD3-BF5C-889361EAC5A2}"
EndProject
Project("{8BC9CEB8-8B4A-11D0-8D11-00A0C91BC942}") = "Module Pipe", "Modules\Pipe\Pipe.vcxproj", "{7D76C72F-A36D-46F6-AEE7-87ACF19BA606}"
EndProject
Project("{8BC9CEB8-8B4A-11D0-8D11-00A0C91BC942}") = "Licensing", "Licensing\Licensing.vcxproj", "{808188B6-5131-4C69-B1C9-05B4260FA355}"
EndProject
Project("{8BC9CEB8-8B4A-11D0-8D11-00A0C91BC942}") = "Module Serial", "Modules\Serial\Module Serial.vcxproj", "{487C6572-1CE5-40FC-8A0A-ACE48F162F57}"
EndProject
Project("{8BC9CEB8-8B4A-11D0-8D11-00A0C91BC942}") = "Module Pathfinder", "Modules\Pathfinder\Pathfinder.vcxproj", "{C458A337-2BBB-45BD-82FF-FC9CF13931A9}"
EndProject
Project("{8BC9CEB8-8B4A-11D0-8D11-00A0C91BC942}") = "Module Upnp", "Modules\Upnp\Module Upnp.vcxproj", "{C30530F5-B52D-4E6B-AA2C-713C05C263F8}"
EndProject
Project("{2150E333-8FDC-42A3-9474-1A3956D46DE8}") = "Utils", "Utils", "{5509928A-2D76-4FDF-9926-867156BA92E4}"
	ProjectSection(SolutionItems) = preProject
		Common\CompileWarningsAce.h = Common\CompileWarningsAce.h
		Common\CompileWarningsBoost.h = Common\CompileWarningsBoost.h
		Common\Crypto.hpp = Common\Crypto.hpp
		Common\Dll.hpp = Common\Dll.hpp
		Common\EndpointResourceIdentifierParsers.hpp = Common\EndpointResourceIdentifierParsers.hpp
		Common\Foreach.h = Common\Foreach.h
		Common\Format.hpp = Common\Format.hpp
		Common\Hash.hpp = Common\Hash.hpp
		Common\LocalAssert.h = Common\LocalAssert.h
		Common\ModulePath.hpp = Common\ModulePath.hpp
		Common\MultipleStream.hpp = Common\MultipleStream.hpp
		Common\ObjectsDeletionCheck.h = Common\ObjectsDeletionCheck.h
		Common\PosixTime.hpp = Common\PosixTime.hpp
		Common\ServiceFilesSecurity.hpp = Common\ServiceFilesSecurity.hpp
		Common\StringFwd.hpp = Common\StringFwd.hpp
		Common\StringUtil.hpp = Common\StringUtil.hpp
		Common\UseUnused.hpp = Common\UseUnused.hpp
		Common\Uuid.hpp = Common\Uuid.hpp
		Common\Xml.hpp = Common\Xml.hpp
	EndProjectSection
EndProject
Project("{2150E333-8FDC-42A3-9474-1A3956D46DE8}") = "Source Files", "Source Files", "{B7596B53-11F9-4C2D-9CE1-CC9965C86574}"
	ProjectSection(SolutionItems) = preProject
		Common\LocalAssert.cpp = Common\LocalAssert.cpp
		Common\Xml.cpp = Common\Xml.cpp
	EndProjectSection
EndProject
Project("{2150E333-8FDC-42A3-9474-1A3956D46DE8}") = "Testing", "Testing", "{CA46DDF7-9D34-4B15-B9A2-017BFFA675D2}"
EndProject
Project("{2150E333-8FDC-42A3-9474-1A3956D46DE8}") = "Modules", "Modules", "{E596A351-89A3-4A59-B00F-2A50507F70B7}"
EndProject
Project("{8BC9CEB8-8B4A-11D0-8D11-00A0C91BC942}") = "Test utils", "TestUtils\Test utils.vcxproj", "{ECF10D21-3713-4E5D-B3BF-465F4D34F340}"
EndProject
Project("{8BC9CEB8-8B4A-11D0-8D11-00A0C91BC942}") = "Test", "Test\Test.vcxproj", "{3DA746DB-979B-4190-BB37-FED7166E015F}"
	ProjectSection(ProjectDependencies) = postProject
		{ECF10D21-3713-4E5D-B3BF-465F4D34F340} = {ECF10D21-3713-4E5D-B3BF-465F4D34F340}
		{BE5696F9-FFA0-47D3-BF5A-66DC28236CE5} = {BE5696F9-FFA0-47D3-BF5A-66DC28236CE5}
		{DB90FDFC-2F4C-4F37-9203-A87EEC39B4D4} = {DB90FDFC-2F4C-4F37-9203-A87EEC39B4D4}
	EndProjectSection
EndProject
Global
	GlobalSection(SolutionConfigurationPlatforms) = preSolution
		Debug|Win32 = Debug|Win32
		Release|Win32 = Release|Win32
		Test|Win32 = Test|Win32
	EndGlobalSection
	GlobalSection(ProjectConfigurationPlatforms) = postSolution
		{9F4B8D91-2911-4F1F-98FD-3345D8AE993D}.Debug|Win32.ActiveCfg = Release|Win32
		{9F4B8D91-2911-4F1F-98FD-3345D8AE993D}.Release|Win32.ActiveCfg = Release|Win32
		{9F4B8D91-2911-4F1F-98FD-3345D8AE993D}.Test|Win32.ActiveCfg = Release|Win32
		{EC901218-837D-4C0C-B116-6CC02097ED88}.Debug|Win32.ActiveCfg = Debug|Win32
		{EC901218-837D-4C0C-B116-6CC02097ED88}.Debug|Win32.Build.0 = Debug|Win32
		{EC901218-837D-4C0C-B116-6CC02097ED88}.Release|Win32.ActiveCfg = Release|Win32
		{EC901218-837D-4C0C-B116-6CC02097ED88}.Release|Win32.Build.0 = Release|Win32
		{EC901218-837D-4C0C-B116-6CC02097ED88}.Test|Win32.ActiveCfg = Test|Win32
		{EC901218-837D-4C0C-B116-6CC02097ED88}.Test|Win32.Build.0 = Test|Win32
		{413C1A6C-0C3B-4D00-80C2-9A2A49AF4B2A}.Debug|Win32.ActiveCfg = Debug|Win32
		{413C1A6C-0C3B-4D00-80C2-9A2A49AF4B2A}.Debug|Win32.Build.0 = Debug|Win32
		{413C1A6C-0C3B-4D00-80C2-9A2A49AF4B2A}.Release|Win32.ActiveCfg = Release|Win32
		{413C1A6C-0C3B-4D00-80C2-9A2A49AF4B2A}.Release|Win32.Build.0 = Release|Win32
		{413C1A6C-0C3B-4D00-80C2-9A2A49AF4B2A}.Test|Win32.ActiveCfg = Test|Win32
		{413C1A6C-0C3B-4D00-80C2-9A2A49AF4B2A}.Test|Win32.Build.0 = Test|Win32
		{BE5696F9-FFA0-47D3-BF5A-66DC28236CE5}.Debug|Win32.ActiveCfg = Debug|Win32
		{BE5696F9-FFA0-47D3-BF5A-66DC28236CE5}.Debug|Win32.Build.0 = Debug|Win32
		{BE5696F9-FFA0-47D3-BF5A-66DC28236CE5}.Release|Win32.ActiveCfg = Release|Win32
		{BE5696F9-FFA0-47D3-BF5A-66DC28236CE5}.Release|Win32.Build.0 = Release|Win32
		{BE5696F9-FFA0-47D3-BF5A-66DC28236CE5}.Test|Win32.ActiveCfg = Test|Win32
		{BE5696F9-FFA0-47D3-BF5A-66DC28236CE5}.Test|Win32.Build.0 = Test|Win32
		{DB90FDFC-2F4C-4F37-9203-A87EEC39B4D4}.Debug|Win32.ActiveCfg = Debug|Win32
		{DB90FDFC-2F4C-4F37-9203-A87EEC39B4D4}.Debug|Win32.Build.0 = Debug|Win32
		{DB90FDFC-2F4C-4F37-9203-A87EEC39B4D4}.Release|Win32.ActiveCfg = Release|Win32
		{DB90FDFC-2F4C-4F37-9203-A87EEC39B4D4}.Release|Win32.Build.0 = Release|Win32
		{DB90FDFC-2F4C-4F37-9203-A87EEC39B4D4}.Test|Win32.ActiveCfg = Test|Win32
		{DB90FDFC-2F4C-4F37-9203-A87EEC39B4D4}.Test|Win32.Build.0 = Test|Win32
		{3C101E5E-9CCB-45BD-8803-70C13801F95C}.Debug|Win32.ActiveCfg = Debug|Win32
		{3C101E5E-9CCB-45BD-8803-70C13801F95C}.Debug|Win32.Build.0 = Debug|Win32
		{3C101E5E-9CCB-45BD-8803-70C13801F95C}.Release|Win32.ActiveCfg = Release|Win32
		{3C101E5E-9CCB-45BD-8803-70C13801F95C}.Release|Win32.Build.0 = Release|Win32
		{3C101E5E-9CCB-45BD-8803-70C13801F95C}.Test|Win32.ActiveCfg = Test|Win32
		{3C101E5E-9CCB-45BD-8803-70C13801F95C}.Test|Win32.Build.0 = Test|Win32
		{E792F2F5-E6F8-49FF-A1AA-47E0243E5180}.Debug|Win32.ActiveCfg = Release|Win32
		{E792F2F5-E6F8-49FF-A1AA-47E0243E5180}.Debug|Win32.Build.0 = Release|Win32
		{E792F2F5-E6F8-49FF-A1AA-47E0243E5180}.Release|Win32.ActiveCfg = Release|Win32
		{E792F2F5-E6F8-49FF-A1AA-47E0243E5180}.Release|Win32.Build.0 = Release|Win32
		{E792F2F5-E6F8-49FF-A1AA-47E0243E5180}.Test|Win32.ActiveCfg = Release|Win32
		{E792F2F5-E6F8-49FF-A1AA-47E0243E5180}.Test|Win32.Build.0 = Release|Win32
		{6884DFB9-D84C-4F37-853F-79565671A1E3}.Debug|Win32.ActiveCfg = Release|Win32
		{6884DFB9-D84C-4F37-853F-79565671A1E3}.Debug|Win32.Build.0 = Release|Win32
		{6884DFB9-D84C-4F37-853F-79565671A1E3}.Release|Win32.ActiveCfg = Release|Win32
		{6884DFB9-D84C-4F37-853F-79565671A1E3}.Release|Win32.Build.0 = Release|Win32
		{6884DFB9-D84C-4F37-853F-79565671A1E3}.Test|Win32.ActiveCfg = Release|Win32
		{6884DFB9-D84C-4F37-853F-79565671A1E3}.Test|Win32.Build.0 = Release|Win32
		{CDCA539C-F37D-4DF4-9473-39C561B92BA0}.Debug|Win32.ActiveCfg = Debug|Win32
		{CDCA539C-F37D-4DF4-9473-39C561B92BA0}.Debug|Win32.Build.0 = Debug|Win32
		{CDCA539C-F37D-4DF4-9473-39C561B92BA0}.Release|Win32.ActiveCfg = Release|Win32
		{CDCA539C-F37D-4DF4-9473-39C561B92BA0}.Release|Win32.Build.0 = Release|Win32
		{CDCA539C-F37D-4DF4-9473-39C561B92BA0}.Test|Win32.ActiveCfg = Test|Win32
		{CDCA539C-F37D-4DF4-9473-39C561B92BA0}.Test|Win32.Build.0 = Test|Win32
		{BF7A25BF-7F5D-4FD3-BF5C-889361EAC5A2}.Debug|Win32.ActiveCfg = Debug|Win32
		{BF7A25BF-7F5D-4FD3-BF5C-889361EAC5A2}.Debug|Win32.Build.0 = Debug|Win32
		{BF7A25BF-7F5D-4FD3-BF5C-889361EAC5A2}.Release|Win32.ActiveCfg = Release|Win32
		{BF7A25BF-7F5D-4FD3-BF5C-889361EAC5A2}.Release|Win32.Build.0 = Release|Win32
		{BF7A25BF-7F5D-4FD3-BF5C-889361EAC5A2}.Test|Win32.ActiveCfg = Test|Win32
		{BF7A25BF-7F5D-4FD3-BF5C-889361EAC5A2}.Test|Win32.Build.0 = Test|Win32
		{7D76C72F-A36D-46F6-AEE7-87ACF19BA606}.Debug|Win32.ActiveCfg = Debug|Win32
		{7D76C72F-A36D-46F6-AEE7-87ACF19BA606}.Debug|Win32.Build.0 = Debug|Win32
		{7D76C72F-A36D-46F6-AEE7-87ACF19BA606}.Release|Win32.ActiveCfg = Release|Win32
		{7D76C72F-A36D-46F6-AEE7-87ACF19BA606}.Release|Win32.Build.0 = Release|Win32
		{7D76C72F-A36D-46F6-AEE7-87ACF19BA606}.Test|Win32.ActiveCfg = Test|Win32
		{7D76C72F-A36D-46F6-AEE7-87ACF19BA606}.Test|Win32.Build.0 = Test|Win32
		{808188B6-5131-4C69-B1C9-05B4260FA355}.Debug|Win32.ActiveCfg = Debug|Win32
		{808188B6-5131-4C69-B1C9-05B4260FA355}.Debug|Win32.Build.0 = Debug|Win32
		{808188B6-5131-4C69-B1C9-05B4260FA355}.Release|Win32.ActiveCfg = Release|Win32
		{808188B6-5131-4C69-B1C9-05B4260FA355}.Release|Win32.Build.0 = Release|Win32
		{808188B6-5131-4C69-B1C9-05B4260FA355}.Test|Win32.ActiveCfg = Test|Win32
		{808188B6-5131-4C69-B1C9-05B4260FA355}.Test|Win32.Build.0 = Test|Win32
		{487C6572-1CE5-40FC-8A0A-ACE48F162F57}.Debug|Win32.ActiveCfg = Debug|Win32
		{487C6572-1CE5-40FC-8A0A-ACE48F162F57}.Debug|Win32.Build.0 = Debug|Win32
		{487C6572-1CE5-40FC-8A0A-ACE48F162F57}.Release|Win32.ActiveCfg = Release|Win32
		{487C6572-1CE5-40FC-8A0A-ACE48F162F57}.Release|Win32.Build.0 = Release|Win32
		{487C6572-1CE5-40FC-8A0A-ACE48F162F57}.Test|Win32.ActiveCfg = Test|Win32
		{487C6572-1CE5-40FC-8A0A-ACE48F162F57}.Test|Win32.Build.0 = Test|Win32
		{C458A337-2BBB-45BD-82FF-FC9CF13931A9}.Debug|Win32.ActiveCfg = Debug|Win32
		{C458A337-2BBB-45BD-82FF-FC9CF13931A9}.Debug|Win32.Build.0 = Debug|Win32
		{C458A337-2BBB-45BD-82FF-FC9CF13931A9}.Release|Win32.ActiveCfg = Release|Win32
		{C458A337-2BBB-45BD-82FF-FC9CF13931A9}.Release|Win32.Build.0 = Release|Win32
		{C458A337-2BBB-45BD-82FF-FC9CF13931A9}.Test|Win32.ActiveCfg = Test|Win32
		{C458A337-2BBB-45BD-82FF-FC9CF13931A9}.Test|Win32.Build.0 = Test|Win32
		{C30530F5-B52D-4E6B-AA2C-713C05C263F8}.Debug|Win32.ActiveCfg = Debug|Win32
		{C30530F5-B52D-4E6B-AA2C-713C05C263F8}.Debug|Win32.Build.0 = Debug|Win32
		{C30530F5-B52D-4E6B-AA2C-713C05C263F8}.Release|Win32.ActiveCfg = Release|Win32
		{C30530F5-B52D-4E6B-AA2C-713C05C263F8}.Release|Win32.Build.0 = Release|Win32
		{C30530F5-B52D-4E6B-AA2C-713C05C263F8}.Test|Win32.ActiveCfg = Test|Win32
		{C30530F5-B52D-4E6B-AA2C-713C05C263F8}.Test|Win32.Build.0 = Test|Win32
		{ECF10D21-3713-4E5D-B3BF-465F4D34F340}.Debug|Win32.ActiveCfg = Debug|Win32
		{ECF10D21-3713-4E5D-B3BF-465F4D34F340}.Debug|Win32.Build.0 = Debug|Win32
		{ECF10D21-3713-4E5D-B3BF-465F4D34F340}.Release|Win32.ActiveCfg = Release|Win32
		{ECF10D21-3713-4E5D-B3BF-465F4D34F340}.Release|Win32.Build.0 = Release|Win32
		{ECF10D21-3713-4E5D-B3BF-465F4D34F340}.Test|Win32.ActiveCfg = Test|Win32
		{ECF10D21-3713-4E5D-B3BF-465F4D34F340}.Test|Win32.Build.0 = Test|Win32
		{3DA746DB-979B-4190-BB37-FED7166E015F}.Debug|Win32.ActiveCfg = Debug|Win32
		{3DA746DB-979B-4190-BB37-FED7166E015F}.Debug|Win32.Build.0 = Debug|Win32
		{3DA746DB-979B-4190-BB37-FED7166E015F}.Release|Win32.ActiveCfg = Release|Win32
		{3DA746DB-979B-4190-BB37-FED7166E015F}.Release|Win32.Build.0 = Release|Win32
		{3DA746DB-979B-4190-BB37-FED7166E015F}.Test|Win32.ActiveCfg = Test|Win32
		{3DA746DB-979B-4190-BB37-FED7166E015F}.Test|Win32.Build.0 = Test|Win32
	EndGlobalSection
	GlobalSection(SolutionProperties) = preSolution
		HideSolutionNode = FALSE
	EndGlobalSection
	GlobalSection(NestedProjects) = preSolution
		{5509928A-2D76-4FDF-9926-867156BA92E4} = {7AAF2FC6-8797-4245-A3EC-8A10E9396762}
		{B7596B53-11F9-4C2D-9CE1-CC9965C86574} = {7AAF2FC6-8797-4245-A3EC-8A10E9396762}
		{7D76C72F-A36D-46F6-AEE7-87ACF19BA606} = {E596A351-89A3-4A59-B00F-2A50507F70B7}
		{487C6572-1CE5-40FC-8A0A-ACE48F162F57} = {E596A351-89A3-4A59-B00F-2A50507F70B7}
		{C458A337-2BBB-45BD-82FF-FC9CF13931A9} = {E596A351-89A3-4A59-B00F-2A50507F70B7}
		{C30530F5-B52D-4E6B-AA2C-713C05C263F8} = {E596A351-89A3-4A59-B00F-2A50507F70B7}
		{BF7A25BF-7F5D-4FD3-BF5C-889361EAC5A2} = {E596A351-89A3-4A59-B00F-2A50507F70B7}
		{3DA746DB-979B-4190-BB37-FED7166E015F} = {CA46DDF7-9D34-4B15-B9A2-017BFFA675D2}
		{ECF10D21-3713-4E5D-B3BF-465F4D34F340} = {CA46DDF7-9D34-4B15-B9A2-017BFFA675D2}
	EndGlobalSection
EndGlobal
