<?xml version="1.0" encoding="utf-8"?>
<Project ToolsVersion="4.0" xmlns="http://schemas.microsoft.com/developer/msbuild/2003">
  <ItemGroup>
    <Filter Include="Util">
      <UniqueIdentifier>{66d7f8b3-c092-4b0f-a09f-5225ead1ba23}</UniqueIdentifier>
    </Filter>
    <Filter Include="Util\Source Files">
      <UniqueIdentifier>{4FC737F1-C7A5-4376-A066-2A32D752A2FF}</UniqueIdentifier>
      <Extensions>cpp;c;cc;cxx;def;odl;idl;hpj;bat;asm;asmx</Extensions>
    </Filter>
    <Filter Include="Util\Header Files">
      <UniqueIdentifier>{93995380-89BD-4b04-88EB-625FBE52EBFB}</UniqueIdentifier>
      <Extensions>h;hpp;hxx;hm;inl;inc;xsd</Extensions>
    </Filter>
    <Filter Include="Util\Resource Files">
      <UniqueIdentifier>{67DA6AB6-F800-4c08-8B7A-83BB121AAD01}</UniqueIdentifier>
      <Extensions>rc;ico;cur;bmp;dlg;rc2;rct;bin;rgs;gif;jpg;jpeg;jpe;resx;tiff;tif;png;wav;mfcribbon-ms</Extensions>
    </Filter>
  </ItemGroup>
  <ItemGroup>
    <ClCompile Include="Prec.cpp">
      <Filter>Util\Source Files</Filter>
    </ClCompile>
    <ClCompile Include="..\..\Common\LocalAssert.cpp">
      <Filter>Util\Source Files</Filter>
    </ClCompile>
    <ClCompile Include="FtpListener.cpp" />
    <ClCompile Include="Main.cpp" />
  </ItemGroup>
  <ItemGroup>
    <ResourceCompile Include="Module Ftp.rc">
      <Filter>Util\Resource Files</Filter>
    </ResourceCompile>
  </ItemGroup>
  <ItemGroup>
    <ClInclude Include="Prec.h">
      <Filter>Util\Header Files</Filter>
    </ClInclude>
    <ClInclude Include="Api.h">
      <Filter>Util\Header Files</Filter>
    </ClInclude>
    <ClInclude Include="resource.h">
      <Filter>Util\Resource Files</Filter>
    </ClInclude>
    <ClInclude Include="Licensing.hpp">
      <Filter>Util\Header Files</Filter>
    </ClInclude>
    <ClInclude Include="FtpListener.hpp" />
  </ItemGroup>
  <ItemGroup>
    <None Include="Module Ftp.props">
      <Filter>Util</Filter>
    </None>
    <None Include="TexModFtp.def">
      <Filter>Util</Filter>
    </None>
  </ItemGroup>
</Project>