<?xml version="1.0" encoding="utf-8"?>
<Project ToolsVersion="4.0" xmlns="http://schemas.microsoft.com/developer/msbuild/2003">
  <ItemGroup>
    <Filter Include="Filters">
      <UniqueIdentifier>{3d646580-e683-43cb-a8af-e7088b58ade0}</UniqueIdentifier>
    </Filter>
    <Filter Include="Filters\Header Files">
      <UniqueIdentifier>{8178b4db-a079-4d44-826d-b3c9fa459ef4}</UniqueIdentifier>
      <Extensions>h;hpp;hxx;hm;inl;inc;xsd</Extensions>
    </Filter>
    <Filter Include="Filters\Source Files">
      <UniqueIdentifier>{c83345de-20f8-4ab9-8fd0-d0e3ee67771c}</UniqueIdentifier>
      <Extensions>cpp;c;cc;cxx;def;odl;idl;hpj;bat;asm;asmx</Extensions>
    </Filter>
    <Filter Include="Connection">
      <UniqueIdentifier>{55b5d996-f840-4a27-b5e1-9e0286dff1c3}</UniqueIdentifier>
    </Filter>
    <Filter Include="Connection\Header Files">
      <UniqueIdentifier>{93995380-89BD-4b04-88EB-625FBE52EBFB}</UniqueIdentifier>
      <Extensions>h;hpp;hxx;hm;inl;inc;xsd</Extensions>
    </Filter>
    <Filter Include="Connection\Source Files">
      <UniqueIdentifier>{4FC737F1-C7A5-4376-A066-2A32D752A2FF}</UniqueIdentifier>
      <Extensions>cpp;c;cc;cxx;def;odl;idl;hpj;bat;asm;asmx</Extensions>
    </Filter>
    <Filter Include="Util">
      <UniqueIdentifier>{d4884c76-07eb-41c3-998c-dacd17e01635}</UniqueIdentifier>
    </Filter>
    <Filter Include="Util\Header Files">
      <UniqueIdentifier>{564d4fbc-0314-4066-93a7-340f9e477c8f}</UniqueIdentifier>
    </Filter>
    <Filter Include="Util\Source Files">
      <UniqueIdentifier>{62bc154f-adf1-4f4a-8ae4-ff8c00b7a598}</UniqueIdentifier>
    </Filter>
    <Filter Include="Util\Resource Files">
      <UniqueIdentifier>{67DA6AB6-F800-4c08-8B7A-83BB121AAD01}</UniqueIdentifier>
      <Extensions>rc;ico;cur;bmp;dlg;rc2;rct;bin;rgs;gif;jpg;jpeg;jpe;resx;tiff;tif;png;wav</Extensions>
    </Filter>
  </ItemGroup>
  <ItemGroup>
    <ClInclude Include="DestinationPingFilter.hpp">
      <Filter>Filters\Header Files</Filter>
    </ClInclude>
    <ClInclude Include="resource.h">
      <Filter>Util\Resource Files</Filter>
    </ClInclude>
    <ClInclude Include="AceSockDgramCloser.h">
      <Filter>Connection\Header Files</Filter>
    </ClInclude>
    <ClInclude Include="ConnectionsTraits.hpp">
      <Filter>Connection\Header Files</Filter>
    </ClInclude>
    <ClInclude Include="HttpProxyConnection.hpp">
      <Filter>Connection\Header Files</Filter>
    </ClInclude>
    <ClInclude Include="IncomingTcpConnection.hpp">
      <Filter>Connection\Header Files</Filter>
    </ClInclude>
    <ClInclude Include="IncomingTcpSslClientConnection.hpp">
      <Filter>Connection\Header Files</Filter>
    </ClInclude>
    <ClInclude Include="IncomingUdpConnection.hpp">
      <Filter>Connection\Header Files</Filter>
    </ClInclude>
    <ClInclude Include="InetConnection.hpp">
      <Filter>Connection\Header Files</Filter>
    </ClInclude>
    <ClInclude Include="InetEndpointAddress.hpp">
      <Filter>Connection\Header Files</Filter>
    </ClInclude>
    <ClInclude Include="OutcomingTcpConnection.hpp">
      <Filter>Connection\Header Files</Filter>
    </ClInclude>
    <ClInclude Include="OutcomingUdpConnection.hpp">
      <Filter>Connection\Header Files</Filter>
    </ClInclude>
    <ClInclude Include="ProxyExceptions.hpp">
      <Filter>Connection\Header Files</Filter>
    </ClInclude>
    <ClInclude Include="SslSockStream.hpp">
      <Filter>Connection\Header Files</Filter>
    </ClInclude>
    <ClInclude Include="TcpConnection.hpp">
      <Filter>Connection\Header Files</Filter>
    </ClInclude>
    <ClInclude Include="TcpConnectionAcceptor.hpp">
      <Filter>Connection\Header Files</Filter>
    </ClInclude>
    <ClInclude Include="UdpConnection.hpp">
      <Filter>Connection\Header Files</Filter>
    </ClInclude>
    <ClInclude Include="UdpConnectionAcceptor.hpp">
      <Filter>Connection\Header Files</Filter>
    </ClInclude>
    <ClInclude Include="Api.h">
      <Filter>Util\Header Files</Filter>
    </ClInclude>
    <ClInclude Include="Prec.h">
      <Filter>Util\Header Files</Filter>
    </ClInclude>
    <ClInclude Include="Licensing.hpp">
      <Filter>Util\Header Files</Filter>
    </ClInclude>
  </ItemGroup>
  <ItemGroup>
    <ClCompile Include="DestinationPingFilter.cpp">
      <Filter>Filters\Source Files</Filter>
    </ClCompile>
    <ClCompile Include="AceSockDgramCloser.cpp">
      <Filter>Connection\Source Files</Filter>
    </ClCompile>
    <ClCompile Include="IncomingTcpSslClientConnection.cpp">
      <Filter>Connection\Source Files</Filter>
    </ClCompile>
    <ClCompile Include="InetEndpointAddress.cpp">
      <Filter>Connection\Source Files</Filter>
    </ClCompile>
    <ClCompile Include="OutcomingTcpConnection.cpp">
      <Filter>Connection\Source Files</Filter>
    </ClCompile>
    <ClCompile Include="ProxyExceptions.cpp">
      <Filter>Connection\Source Files</Filter>
    </ClCompile>
    <ClCompile Include="SslSockStream.cpp">
      <Filter>Connection\Source Files</Filter>
    </ClCompile>
    <ClCompile Include="Main.cpp">
      <Filter>Util\Source Files</Filter>
    </ClCompile>
    <ClCompile Include="Prec.cpp">
      <Filter>Util\Source Files</Filter>
    </ClCompile>
    <ClCompile Include="..\..\Common\Xml.cpp">
      <Filter>Util\Source Files</Filter>
    </ClCompile>
    <ClCompile Include="..\..\Common\LocalAssert.cpp">
      <Filter>Util\Source Files</Filter>
    </ClCompile>
    <ClCompile Include="..\..\Common\Format.cpp">
      <Filter>Util\Source Files</Filter>
    </ClCompile>
  </ItemGroup>
  <ItemGroup>
    <ResourceCompile Include="Module Inet.rc">
      <Filter>Util\Resource Files</Filter>
    </ResourceCompile>
  </ItemGroup>
  <ItemGroup>
    <None Include="Module Inet.props">
      <Filter>Util</Filter>
    </None>
    <None Include="TexModInet.def">
      <Filter>Util</Filter>
    </None>
  </ItemGroup>
</Project>